
Microsoft Visual Studio Solution File, Format Version 12.00
# Visual Studio Version 16
VisualStudioVersion = 16.0.31613.86
MinimumVisualStudioVersion = 10.0.40219.1
Project("{9A19103F-16F7-4668-BE54-9A1E7A4F7556}") = "News-App-Backend", "News-App-Backend\News-App-Backend.csproj", "{9435B5EA-1829-4714-9B45-17600C348CF4}"
EndProject
Project("{FAE04EC0-301F-11D3-BF4B-00C04F79EFBC}") = "Favourite", "Favourite\Favourite.csproj", "{3AFA3221-BDCA-4754-B821-B69927C1E27E}"
EndProject
Global
	GlobalSection(SolutionConfigurationPlatforms) = preSolution
		Debug|Any CPU = Debug|Any CPU
		Release|Any CPU = Release|Any CPU
	EndGlobalSection
	GlobalSection(ProjectConfigurationPlatforms) = postSolution
		{9435B5EA-1829-4714-9B45-17600C348CF4}.Debug|Any CPU.ActiveCfg = Debug|Any CPU
		{9435B5EA-1829-4714-9B45-17600C348CF4}.Debug|Any CPU.Build.0 = Debug|Any CPU
		{9435B5EA-1829-4714-9B45-17600C348CF4}.Release|Any CPU.ActiveCfg = Release|Any CPU
		{9435B5EA-1829-4714-9B45-17600C348CF4}.Release|Any CPU.Build.0 = Release|Any CPU
		{3AFA3221-BDCA-4754-B821-B69927C1E27E}.Debug|Any CPU.ActiveCfg = Debug|Any CPU
		{3AFA3221-BDCA-4754-B821-B69927C1E27E}.Debug|Any CPU.Build.0 = Debug|Any CPU
		{3AFA3221-BDCA-4754-B821-B69927C1E27E}.Release|Any CPU.ActiveCfg = Release|Any CPU
		{3AFA3221-BDCA-4754-B821-B69927C1E27E}.Release|Any CPU.Build.0 = Release|Any CPU
	EndGlobalSection
	GlobalSection(SolutionProperties) = preSolution
		HideSolutionNode = FALSE
	EndGlobalSection
	GlobalSection(ExtensibilityGlobals) = postSolution
		SolutionGuid = {C5F33AFF-919B-4D07-B600-39FB19E13A16}
	EndGlobalSection
EndGlobal
